
Microsoft Visual Studio Solution File, Format Version 12.00
# Visual Studio Version 16
VisualStudioVersion = 16.0.30503.244
MinimumVisualStudioVersion = 10.0.40219.1
Project("{FAE04EC0-301F-11D3-BF4B-00C04F79EFBC}") = "TCG_Store", "TCG_Store\TCG_Store.csproj", "{26690667-516F-468E-98F4-11E639BA0ACB}"
EndProject
Project("{FAE04EC0-301F-11D3-BF4B-00C04F79EFBC}") = "TCG_Store_DAL", "TCG_Store_DAL\TCG_Store_DAL.csproj", "{F5943A44-FBA1-4EB8-8ABA-BC4363BBD6F9}"
EndProject
Global
	GlobalSection(SolutionConfigurationPlatforms) = preSolution
		Debug|Any CPU = Debug|Any CPU
		Release|Any CPU = Release|Any CPU
	EndGlobalSection
	GlobalSection(ProjectConfigurationPlatforms) = postSolution
		{26690667-516F-468E-98F4-11E639BA0ACB}.Debug|Any CPU.ActiveCfg = Debug|Any CPU
		{26690667-516F-468E-98F4-11E639BA0ACB}.Debug|Any CPU.Build.0 = Debug|Any CPU
		{26690667-516F-468E-98F4-11E639BA0ACB}.Release|Any CPU.ActiveCfg = Release|Any CPU
		{26690667-516F-468E-98F4-11E639BA0ACB}.Release|Any CPU.Build.0 = Release|Any CPU
		{F5943A44-FBA1-4EB8-8ABA-BC4363BBD6F9}.Debug|Any CPU.ActiveCfg = Debug|Any CPU
		{F5943A44-FBA1-4EB8-8ABA-BC4363BBD6F9}.Debug|Any CPU.Build.0 = Debug|Any CPU
		{F5943A44-FBA1-4EB8-8ABA-BC4363BBD6F9}.Release|Any CPU.ActiveCfg = Release|Any CPU
		{F5943A44-FBA1-4EB8-8ABA-BC4363BBD6F9}.Release|Any CPU.Build.0 = Release|Any CPU
	EndGlobalSection
	GlobalSection(SolutionProperties) = preSolution
		HideSolutionNode = FALSE
	EndGlobalSection
	GlobalSection(ExtensibilityGlobals) = postSolution
		SolutionGuid = {F0F9E935-30A9-4D9E-BC79-52F77CBB185A}
	EndGlobalSection
EndGlobal
